
Microsoft Visual Studio Solution File, Format Version 12.00
# Visual Studio 15
VisualStudioVersion = 15.0.28010.2046
MinimumVisualStudioVersion = 10.0.40219.1
Project("{FAE04EC0-301F-11D3-BF4B-00C04F79EFBC}") = "Es", "Es1\Es.csproj", "{C43F21E2-181A-4D03-9749-9C42C649642E}"
EndProject
Global
	GlobalSection(SolutionConfigurationPlatforms) = preSolution
		Debug|Any CPU = Debug|Any CPU
		Release|Any CPU = Release|Any CPU
	EndGlobalSection
	GlobalSection(ProjectConfigurationPlatforms) = postSolution
		{C43F21E2-181A-4D03-9749-9C42C649642E}.Debug|Any CPU.ActiveCfg = Debug|Any CPU
		{C43F21E2-181A-4D03-9749-9C42C649642E}.Debug|Any CPU.Build.0 = Debug|Any CPU
		{C43F21E2-181A-4D03-9749-9C42C649642E}.Release|Any CPU.ActiveCfg = Release|Any CPU
		{C43F21E2-181A-4D03-9749-9C42C649642E}.Release|Any CPU.Build.0 = Release|Any CPU
	EndGlobalSection
	GlobalSection(SolutionProperties) = preSolution
		HideSolutionNode = FALSE
	EndGlobalSection
	GlobalSection(ExtensibilityGlobals) = postSolution
		SolutionGuid = {1D620B0D-5475-4BEE-AD4C-0BA4703EBDE6}
	EndGlobalSection
EndGlobal
